
Microsoft Visual Studio Solution File, Format Version 12.00
# Visual Studio Version 17
VisualStudioVersion = 17.3.32901.215
MinimumVisualStudioVersion = 10.0.40219.1
Project("{FAE04EC0-301F-11D3-BF4B-00C04F79EFBC}") = "PharmCompany", "PharmCompany.csproj", "{D65598F5-9471-4341-9F62-99EABEB621EE}"
EndProject
Global
	GlobalSection(SolutionConfigurationPlatforms) = preSolution
		Debug|Any CPU = Debug|Any CPU
		Release|Any CPU = Release|Any CPU
	EndGlobalSection
	GlobalSection(ProjectConfigurationPlatforms) = postSolution
		{D65598F5-9471-4341-9F62-99EABEB621EE}.Debug|Any CPU.ActiveCfg = Debug|Any CPU
		{D65598F5-9471-4341-9F62-99EABEB621EE}.Debug|Any CPU.Build.0 = Debug|Any CPU
		{D65598F5-9471-4341-9F62-99EABEB621EE}.Release|Any CPU.ActiveCfg = Release|Any CPU
		{D65598F5-9471-4341-9F62-99EABEB621EE}.Release|Any CPU.Build.0 = Release|Any CPU
	EndGlobalSection
	GlobalSection(SolutionProperties) = preSolution
		HideSolutionNode = FALSE
	EndGlobalSection
	GlobalSection(ExtensibilityGlobals) = postSolution
		SolutionGuid = {81690E5B-8B36-4F5A-B5C4-B28C987888F8}
	EndGlobalSection
EndGlobal
